
Microsoft Visual Studio Solution File, Format Version 12.00
# Visual Studio 2013
VisualStudioVersion = 12.0.21005.1
MinimumVisualStudioVersion = 10.0.40219.1
Project("{FAE04EC0-301F-11D3-BF4B-00C04F79EFBC}") = "YouTubeChannelLiveInfo", "YouTubeChannelLiveInfo\YouTubeChannelLiveInfo.csproj", "{BB48FD03-27F4-4D16-9594-E1C7931A3590}"
EndProject
Project("{FAE04EC0-301F-11D3-BF4B-00C04F79EFBC}") = "CounterLib", "Counter\CounterLib.csproj", "{1EF17CE6-85FF-4A52-95DA-4D834927B10D}"
EndProject
Global
	GlobalSection(SolutionConfigurationPlatforms) = preSolution
		Debug|Any CPU = Debug|Any CPU
		Release|Any CPU = Release|Any CPU
	EndGlobalSection
	GlobalSection(ProjectConfigurationPlatforms) = postSolution
		{BB48FD03-27F4-4D16-9594-E1C7931A3590}.Debug|Any CPU.ActiveCfg = Debug|Any CPU
		{BB48FD03-27F4-4D16-9594-E1C7931A3590}.Debug|Any CPU.Build.0 = Debug|Any CPU
		{BB48FD03-27F4-4D16-9594-E1C7931A3590}.Release|Any CPU.ActiveCfg = Release|Any CPU
		{BB48FD03-27F4-4D16-9594-E1C7931A3590}.Release|Any CPU.Build.0 = Release|Any CPU
		{1EF17CE6-85FF-4A52-95DA-4D834927B10D}.Debug|Any CPU.ActiveCfg = Debug|Any CPU
		{1EF17CE6-85FF-4A52-95DA-4D834927B10D}.Debug|Any CPU.Build.0 = Debug|Any CPU
		{1EF17CE6-85FF-4A52-95DA-4D834927B10D}.Release|Any CPU.ActiveCfg = Release|Any CPU
		{1EF17CE6-85FF-4A52-95DA-4D834927B10D}.Release|Any CPU.Build.0 = Release|Any CPU
	EndGlobalSection
	GlobalSection(SolutionProperties) = preSolution
		HideSolutionNode = FALSE
	EndGlobalSection
EndGlobal
